
Microsoft Visual Studio Solution File, Format Version 12.00
# Visual Studio 15
VisualStudioVersion = 15.0.28307.329
MinimumVisualStudioVersion = 10.0.40219.1
Project("{9A19103F-16F7-4668-BE54-9A1E7A4F7556}") = "Arcana", "Arcana.csproj", "{0919C3BD-D48E-410E-92D0-03AA85725343}"
EndProject
Global
	GlobalSection(SolutionConfigurationPlatforms) = preSolution
		Debug|Any CPU = Debug|Any CPU
		Release|Any CPU = Release|Any CPU
	EndGlobalSection
	GlobalSection(ProjectConfigurationPlatforms) = postSolution
		{0919C3BD-D48E-410E-92D0-03AA85725343}.Debug|Any CPU.ActiveCfg = Debug|Any CPU
		{0919C3BD-D48E-410E-92D0-03AA85725343}.Debug|Any CPU.Build.0 = Debug|Any CPU
		{0919C3BD-D48E-410E-92D0-03AA85725343}.Release|Any CPU.ActiveCfg = Release|Any CPU
		{0919C3BD-D48E-410E-92D0-03AA85725343}.Release|Any CPU.Build.0 = Release|Any CPU
	EndGlobalSection
	GlobalSection(SolutionProperties) = preSolution
		HideSolutionNode = FALSE
	EndGlobalSection
	GlobalSection(ExtensibilityGlobals) = postSolution
		SolutionGuid = {4A95D13F-90A2-47F3-B8EF-787A5A6B6F38}
	EndGlobalSection
EndGlobal
